
Microsoft Visual Studio Solution File, Format Version 12.00
# Visual Studio Version 17
VisualStudioVersion = 17.2.32602.215
MinimumVisualStudioVersion = 10.0.40219.1
Project("{FAE04EC0-301F-11D3-BF4B-00C04F79EFBC}") = "Practica ASPNET Core", "Practica ASPNET Core\Practica ASPNET Core.csproj", "{B98CECC0-0B80-4588-A631-2EBD785DC22E}"
EndProject
Global
	GlobalSection(SolutionConfigurationPlatforms) = preSolution
		Debug|Any CPU = Debug|Any CPU
		Release|Any CPU = Release|Any CPU
	EndGlobalSection
	GlobalSection(ProjectConfigurationPlatforms) = postSolution
		{B98CECC0-0B80-4588-A631-2EBD785DC22E}.Debug|Any CPU.ActiveCfg = Debug|Any CPU
		{B98CECC0-0B80-4588-A631-2EBD785DC22E}.Debug|Any CPU.Build.0 = Debug|Any CPU
		{B98CECC0-0B80-4588-A631-2EBD785DC22E}.Release|Any CPU.ActiveCfg = Release|Any CPU
		{B98CECC0-0B80-4588-A631-2EBD785DC22E}.Release|Any CPU.Build.0 = Release|Any CPU
	EndGlobalSection
	GlobalSection(SolutionProperties) = preSolution
		HideSolutionNode = FALSE
	EndGlobalSection
	GlobalSection(ExtensibilityGlobals) = postSolution
		SolutionGuid = {BA46B2D5-C7C7-49BB-9786-A878242CD8C2}
	EndGlobalSection
EndGlobal
